
Microsoft Visual Studio Solution File, Format Version 12.00
# Visual Studio 15
VisualStudioVersion = 15.0.28010.2046
MinimumVisualStudioVersion = 10.0.40219.1
Project("{FAE04EC0-301F-11D3-BF4B-00C04F79EFBC}") = "MaxematicsTester", "MaxematicsTester\MaxematicsTester.csproj", "{0461BFC2-A6CB-47CC-96D4-A67D22D58FFE}"
EndProject
Global
	GlobalSection(SolutionConfigurationPlatforms) = preSolution
		Debug|Any CPU = Debug|Any CPU
		Release|Any CPU = Release|Any CPU
	EndGlobalSection
	GlobalSection(ProjectConfigurationPlatforms) = postSolution
		{0461BFC2-A6CB-47CC-96D4-A67D22D58FFE}.Debug|Any CPU.ActiveCfg = Debug|Any CPU
		{0461BFC2-A6CB-47CC-96D4-A67D22D58FFE}.Debug|Any CPU.Build.0 = Debug|Any CPU
		{0461BFC2-A6CB-47CC-96D4-A67D22D58FFE}.Release|Any CPU.ActiveCfg = Release|Any CPU
		{0461BFC2-A6CB-47CC-96D4-A67D22D58FFE}.Release|Any CPU.Build.0 = Release|Any CPU
	EndGlobalSection
	GlobalSection(SolutionProperties) = preSolution
		HideSolutionNode = FALSE
	EndGlobalSection
	GlobalSection(ExtensibilityGlobals) = postSolution
		SolutionGuid = {109EF03E-CF4C-4290-B177-9D479840A37A}
	EndGlobalSection
EndGlobal
